
Microsoft Visual Studio Solution File, Format Version 12.00
# Visual Studio Version 16
VisualStudioVersion = 16.0.30804.86
MinimumVisualStudioVersion = 10.0.40219.1
Project("{FAE04EC0-301F-11D3-BF4B-00C04F79EFBC}") = "AFCHolidaysTest", "AFCHolidaysTest\AFCHolidaysTest.csproj", "{4D77D13B-0998-496C-A5B9-5493F921A76C}"
EndProject
Global
	GlobalSection(SolutionConfigurationPlatforms) = preSolution
		Debug|Any CPU = Debug|Any CPU
		Release|Any CPU = Release|Any CPU
	EndGlobalSection
	GlobalSection(ProjectConfigurationPlatforms) = postSolution
		{4D77D13B-0998-496C-A5B9-5493F921A76C}.Debug|Any CPU.ActiveCfg = Debug|Any CPU
		{4D77D13B-0998-496C-A5B9-5493F921A76C}.Debug|Any CPU.Build.0 = Debug|Any CPU
		{4D77D13B-0998-496C-A5B9-5493F921A76C}.Release|Any CPU.ActiveCfg = Release|Any CPU
		{4D77D13B-0998-496C-A5B9-5493F921A76C}.Release|Any CPU.Build.0 = Release|Any CPU
	EndGlobalSection
	GlobalSection(SolutionProperties) = preSolution
		HideSolutionNode = FALSE
	EndGlobalSection
	GlobalSection(ExtensibilityGlobals) = postSolution
		SolutionGuid = {2DBD72ED-1B2B-48EF-9424-426377C7EB98}
	EndGlobalSection
EndGlobal
